
Microsoft Visual Studio Solution File, Format Version 12.00
# Visual Studio Version 17
VisualStudioVersion = 17.4.33110.190
MinimumVisualStudioVersion = 10.0.40219.1
Project("{FAE04EC0-301F-11D3-BF4B-00C04F79EFBC}") = "project4", "project4\project4.csproj", "{8F8AC700-2795-46CD-927E-47FF94A75DA4}"
EndProject
Global
	GlobalSection(SolutionConfigurationPlatforms) = preSolution
		Debug|Any CPU = Debug|Any CPU
		Release|Any CPU = Release|Any CPU
	EndGlobalSection
	GlobalSection(ProjectConfigurationPlatforms) = postSolution
		{8F8AC700-2795-46CD-927E-47FF94A75DA4}.Debug|Any CPU.ActiveCfg = Debug|Any CPU
		{8F8AC700-2795-46CD-927E-47FF94A75DA4}.Debug|Any CPU.Build.0 = Debug|Any CPU
		{8F8AC700-2795-46CD-927E-47FF94A75DA4}.Release|Any CPU.ActiveCfg = Release|Any CPU
		{8F8AC700-2795-46CD-927E-47FF94A75DA4}.Release|Any CPU.Build.0 = Release|Any CPU
	EndGlobalSection
	GlobalSection(SolutionProperties) = preSolution
		HideSolutionNode = FALSE
	EndGlobalSection
	GlobalSection(ExtensibilityGlobals) = postSolution
		SolutionGuid = {1A35BCEC-6491-4A3F-BD50-09884031547B}
	EndGlobalSection
EndGlobal
